
Microsoft Visual Studio Solution File, Format Version 12.00
# Visual Studio Version 16
VisualStudioVersion = 16.0.29201.188
MinimumVisualStudioVersion = 10.0.40219.1
Project("{FAE04EC0-301F-11D3-BF4B-00C04F79EFBC}") = "Aula1AspNetMVC", "Aula1AspNetMVC.csproj", "{6A5E141B-CC10-4D72-B7F0-FAEDCB594F84}"
EndProject
Global
	GlobalSection(SolutionConfigurationPlatforms) = preSolution
		Debug|Any CPU = Debug|Any CPU
		Release|Any CPU = Release|Any CPU
	EndGlobalSection
	GlobalSection(ProjectConfigurationPlatforms) = postSolution
		{6A5E141B-CC10-4D72-B7F0-FAEDCB594F84}.Debug|Any CPU.ActiveCfg = Debug|Any CPU
		{6A5E141B-CC10-4D72-B7F0-FAEDCB594F84}.Debug|Any CPU.Build.0 = Debug|Any CPU
		{6A5E141B-CC10-4D72-B7F0-FAEDCB594F84}.Release|Any CPU.ActiveCfg = Release|Any CPU
		{6A5E141B-CC10-4D72-B7F0-FAEDCB594F84}.Release|Any CPU.Build.0 = Release|Any CPU
	EndGlobalSection
	GlobalSection(SolutionProperties) = preSolution
		HideSolutionNode = FALSE
	EndGlobalSection
	GlobalSection(ExtensibilityGlobals) = postSolution
		SolutionGuid = {4E181CE1-F92A-45AC-B731-EAFE8F6068BE}
	EndGlobalSection
EndGlobal
